Microsoft Visual Studio Solution File, Format Version 12.00
# Visual Studio Version 17
VisualStudioVersion = 17.0.31903.59
MinimumVisualStudioVersion = 10.0.40219.1
Project("{9A19103F-16F7-4668-BE54-9A1E7A4F7556}") = "Franklin.MtService", "src\Franklin.MtService\Franklin.MtService.csproj", "{61601331-1B5F-4AE9-A7E5-9CDA2B61211B}"
EndProject
Project("{9A19103F-16F7-4668-BE54-9A1E7A4F7556}") = "Franklin.MtService.Specs", "tests\Franklin.MtService.Specs\Franklin.MtService.Specs.csproj", "{16676A00-EA53-475B-8694-72E534524DD5}"
EndProject
Global
	GlobalSection(SolutionConfigurationPlatforms) = preSolution
		Debug|Any CPU = Debug|Any CPU
		Release|Any CPU = Release|Any CPU
	EndGlobalSection
	GlobalSection(ProjectConfigurationPlatforms) = postSolution
		{61601331-1B5F-4AE9-A7E5-9CDA2B61211B}.Debug|Any CPU.ActiveCfg = Debug|Any CPU
		{61601331-1B5F-4AE9-A7E5-9CDA2B61211B}.Debug|Any CPU.Build.0 = Debug|Any CPU
		{61601331-1B5F-4AE9-A7E5-9CDA2B61211B}.Release|Any CPU.ActiveCfg = Release|Any CPU
		{61601331-1B5F-4AE9-A7E5-9CDA2B61211B}.Release|Any CPU.Build.0 = Release|Any CPU
		{16676A00-EA53-475B-8694-72E534524DD5}.Debug|Any CPU.ActiveCfg = Debug|Any CPU
		{16676A00-EA53-475B-8694-72E534524DD5}.Debug|Any CPU.Build.0 = Debug|Any CPU
		{16676A00-EA53-475B-8694-72E534524DD5}.Release|Any CPU.ActiveCfg = Release|Any CPU
		{16676A00-EA53-475B-8694-72E534524DD5}.Release|Any CPU.Build.0 = Release|Any CPU
	EndGlobalSection
EndGlobal
